
Microsoft Visual Studio Solution File, Format Version 12.00
# Visual Studio Version 17
VisualStudioVersion = 17.14.36603.0 d17.14
MinimumVisualStudioVersion = 10.0.40219.1
Project("{FAE04EC0-301F-11D3-BF4B-00C04F79EFBC}") = "TCP-EQUIPO5B-ENTRENAPP", "TCP-EQUIPO5B-ENTRENAPP\TCP-EQUIPO5B-ENTRENAPP.csproj", "{34A83A11-643B-4825-9D63-677A53A427C7}"
EndProject
Global
	GlobalSection(SolutionConfigurationPlatforms) = preSolution
		Debug|Any CPU = Debug|Any CPU
		Release|Any CPU = Release|Any CPU
	EndGlobalSection
	GlobalSection(ProjectConfigurationPlatforms) = postSolution
		{34A83A11-643B-4825-9D63-677A53A427C7}.Debug|Any CPU.ActiveCfg = Debug|Any CPU
		{34A83A11-643B-4825-9D63-677A53A427C7}.Debug|Any CPU.Build.0 = Debug|Any CPU
		{34A83A11-643B-4825-9D63-677A53A427C7}.Release|Any CPU.ActiveCfg = Release|Any CPU
		{34A83A11-643B-4825-9D63-677A53A427C7}.Release|Any CPU.Build.0 = Release|Any CPU
	EndGlobalSection
	GlobalSection(SolutionProperties) = preSolution
		HideSolutionNode = FALSE
	EndGlobalSection
	GlobalSection(ExtensibilityGlobals) = postSolution
		SolutionGuid = {FB8B7A57-D962-41EC-A068-CA7ABBFACDCE}
	EndGlobalSection
EndGlobal
